{
  "name": "NextJS",
  "lockfileVersion": 3,
  "requires": true,
  "packages": {
    "": {
      "dependencies": {
        "@next/env": "^16.0.8"
      }
    },
    "node_modules/@next/env": {
      "version": "16.0.8",
      "resolved": "https://registry.npmjs.org/@next/env/-/env-16.0.8.tgz",
      "integrity": "sha512-xP4WrQZuj9MdmLJy3eWFHepo+R3vznsMSS8Dy3wdA7FKpjCiesQ6DxZvdGziQisj0tEtCgBKJzjcAc4yZOgLEQ==",
      "license": "MIT"
    }
  }
}
